// !$*UTF8*$!
{
	archiveVersion = 1;
	classes = {
	};
	objectVersion = 50;
	objects = {

/* Begin PBXBuildFile section */
		3FFF663320FDBC7800CD515C /* AppDelegate.swift in Sources */ = {isa = PBXBuildFile; fileRef = 3FFF663220FDBC7800CD515C /* AppDelegate.swift */; };
		3FFF663520FDBC7800CD515C /* ViewController.swift in Sources */ = {isa = PBXBuildFile; fileRef = 3FFF663420FDBC7800CD515C /* ViewController.swift */; };
		3FFF663820FDBC7800CD515C /* Main.storyboard in Resources */ = {isa = PBXBuildFile; fileRef = 3FFF663620FDBC7800CD515C /* Main.storyboard */; };
		3FFF663A20FDBC7A00CD515C /* Assets.xcassets in Resources */ = {isa = PBXBuildFile; fileRef = 3FFF663920FDBC7A00CD515C /* Assets.xcassets */; };
		3FFF663D20FDBC7A00CD515C /* LaunchScreen.storyboard in Resources */ = {isa = PBXBuildFile; fileRef = 3FFF663B20FDBC7A00CD515C /* LaunchScreen.storyboard */; };
/* End PBXBuildFile section */

/* Begin PBXFileReference section */
		3FFF662F20FDBC7800CD515C /* KeyboardLanguageChanging.app */ = {isa = PBXFileReference; explicitFileType = wrapper.application; includeInIndex = 0; path = KeyboardLanguageChanging.app; sourceTree = BUILT_PRODUCTS_DIR; };
		3FFF663220FDBC7800CD515C /* AppDelegate.swift */ = {isa = PBXFileReference; lastKnownFileType = sourcecode.swift; path = AppDelegate.swift; sourceTree = "<group>"; };
		3FFF663420FDBC7800CD515C /* ViewController.swift */ = {isa = PBXFileReference; lastKnownFileType = sourcecode.swift; path = ViewController.swift; sourceTree = "<group>"; };
		3FFF663720FDBC7800CD515C /* Base */ = {isa = PBXFileReference; lastKnownFileType = file.storyboard; name = Base; path = Base.lproj/Main.storyboard; sourceTree = "<group>"; };
		3FFF663920FDBC7A00CD515C /* Assets.xcassets */ = {isa = PBXFileReference; lastKnownFileType = folder.assetcatalog; path = Assets.xcassets; sourceTree = "<group>"; };
		3FFF663C20FDBC7A00CD515C /* Base */ = {isa = PBXFileReference; lastKnownFileType = file.storyboard; name = Base; path = Base.lproj/LaunchScreen.storyboard; sourceTree = "<group>"; };
		3FFF663E20FDBC7A00CD515C /* Info.plist */ = {isa = PBXFileReference; lastKnownFileType = text.plist.xml; path = Info.plist; sourceTree = "<group>"; };
/* End PBXFileReference section */

/* Begin PBXFrameworksBuildPhase section */
		3FFF662C20FDBC7800CD515C /* Frameworks */ = {
			isa = PBXFrameworksBuildPhase;
			buildActionMask = 2147483647;
			files = (
			);
			runOnlyForDeploymentPostprocessing = 0;
		};
/* End PBXFrameworksBuildPhase section */

/* Begin PBXGroup section */
		3FFF662620FDBC7800CD515C = {
			isa = PBXGroup;
			children = (
				3FFF663120FDBC7800CD515C /* KeyboardLanguageChanging */,
				3FFF663020FDBC7800CD515C /* Products */,
			);
			sourceTree = "<group>";
		};
		3FFF663020FDBC7800CD515C /* Products */ = {
			isa = PBXGroup;
			children = (
				3FFF662F20FDBC7800CD515C /* KeyboardLanguageChanging.app */,
			);
			name = Products;
			sourceTree = "<group>";
		};
		3FFF663120FDBC7800CD515C /* KeyboardLanguageChanging */ = {
			isa = PBXGroup;
			children = (
				3FFF663220FDBC7800CD515C /* AppDelegate.swift */,
				3FFF663420FDBC7800CD515C /* ViewController.swift */,
				3FFF663620FDBC7800CD515C /* Main.storyboard */,
				3FFF663920FDBC7A00CD515C /* Assets.xcassets */,
				3FFF663B20FDBC7A00CD515C /* LaunchScreen.storyboard */,
				3FFF663E20FDBC7A00CD515C /* Info.plist */,
			);
			path = KeyboardLanguageChanging;
			sourceTree = "<group>";
		};
/* End PBXGroup section */

/* Begin PBXNativeTarget section */
		3FFF662E20FDBC7800CD515C /* KeyboardLanguageChanging */ = {
			isa = PBXNativeTarget;
			buildConfigurationList = 3FFF664120FDBC7A00CD515C /* Build configuration list for PBXNativeTarget "KeyboardLanguageChanging" */;
			buildPhases = (
				3FFF662B20FDBC7800CD515C /* Sources */,
				3FFF662C20FDBC7800CD515C /* Frameworks */,
				3FFF662D20FDBC7800CD515C /* Resources */,
			);
			buildRules = (
			);
			dependencies = (
			);
			name = KeyboardLanguageChanging;
			productName = KeyboardLanguageChanging;
			productReference = 3FFF662F20FDBC7800CD515C /* KeyboardLanguageChanging.app */;
			productType = "com.apple.product-type.application";
		};
/* End PBXNativeTarget section */

/* Begin PBXProject section */
		3FFF662720FDBC7800CD515C /* Project object */ = {
			isa = PBXProject;
			attributes = {
				LastSwiftUpdateCheck = 0940;
				LastUpgradeCheck = 0940;
				ORGANIZATIONNAME = "Akihito Haga";
				TargetAttributes = {
					3FFF662E20FDBC7800CD515C = {
						CreatedOnToolsVersion = 9.4.1;
					};
				};
			};
			buildConfigurationList = 3FFF662A20FDBC7800CD515C /* Build configuration list for PBXProject "KeyboardLanguageChanging" */;
			compatibilityVersion = "Xcode 9.3";
			developmentRegion = en;
			hasScannedForEncodings = 0;
			knownRegions = (
				en,
				Base,
			);
			mainGroup = 3FFF662620FDBC7800CD515C;
			productRefGroup = 3FFF663020FDBC7800CD515C /* Products */;
			projectDirPath = "";
			projectRoot = "";
			targets = (
				3FFF662E20FDBC7800CD515C /* KeyboardLanguageChanging */,
			);
		};
/* End PBXProject section */

/* Begin PBXResourcesBuildPhase section */
		3FFF662D20FDBC7800CD515C /* Resources */ = {
			isa = PBXResourcesBuildPhase;
			buildActionMask = 2147483647;
			files = (
				3FFF663D20FDBC7A00CD515C /* LaunchScreen.storyboard in Resources */,
				3FFF663A20FDBC7A00CD515C /* Assets.xcassets in Resources */,
				3FFF663820FDBC7800CD515C /* Main.storyboard in Resources */,
			);
			runOnlyForDeploymentPostprocessing = 0;
		};
/* End PBXResourcesBuildPhase section */

/* Begin PBXSourcesBuildPhase section */
		3FFF662B20FDBC7800CD515C /* Sources */ = {
			isa = PBXSourcesBuildPhase;
			buildActionMask = 2147483647;
			files = (
				3FFF663520FDBC7800CD515C /* ViewController.swift in Sources */,
				3FFF663320FDBC7800CD515C /* AppDelegate.swift in Sources */,
			);
			runOnlyForDeploymentPostprocessing = 0;
		};
/* End PBXSourcesBuildPhase section */

/* Begin PBXVariantGroup section */
		3FFF663620FDBC7800CD515C /* Main.storyboard */ = {
			isa = PBXVariantGroup;
			children = (
				3FFF663720FDBC7800CD515C /* Base */,
			);
			name = Main.storyboard;
			sourceTree = "<group>";
		};
		3FFF663B20FDBC7A00CD515C /* LaunchScreen.storyboard */ = {
			isa = PBXVariantGroup;
			children = (
				3FFF663C20FDBC7A00CD515C /* Base */,
			);
			name = LaunchScreen.storyboard;
			sourceTree = "<group>";
		};
/* End PBXVariantGroup section */

/* Begin XCBuildConfiguration section */
		3FFF663F20FDBC7A00CD515C /* Debug */ = {
			isa = XCBuildConfiguration;
			buildSettings = {
				ALWAYS_SEARCH_USER_PATHS = NO;
				CLANG_ANALYZER_NONNULL = YES;
				CLANG_ANALYZER_NUMBER_OBJECT_CONVERSION = YES_AGGRESSIVE;
				CLANG_CXX_LANGUAGE_STANDARD = "gnu++14";
				CLANG_CXX_LIBRARY = "libc++";
				CLANG_ENABLE_MODULES = YES;
				CLANG_ENABLE_OBJC_ARC = YES;
				CLANG_ENABLE_OBJC_WEAK = YES;
				CLANG_WARN_BLOCK_CAPTURE_AUTORELEASING = YES;
				CLANG_WARN_BOOL_CONVERSION = YES;
				CLANG_WARN_COMMA = YES;
				CLANG_WARN_CONSTANT_CONVERSION = YES;
				CLANG_WARN_DEPRECATED_OBJC_IMPLEMENTATIONS = YES;
				CLANG_WARN_DIRECT_OBJC_ISA_USAGE = YES_ERROR;
				CLANG_WARN_DOCUMENTATION_COMMENTS = YES;
				CLANG_WARN_EMPTY_BODY = YES;
				CLANG_WARN_ENUM_CONVERSION = YES;
				CLANG_WARN_INFINITE_RECURSION = YES;
				CLANG_WARN_INT_CONVERSION = YES;
				CLANG_WARN_NON_LITERAL_NULL_CONVERSION = YES;
				CLANG_WARN_OBJC_IMPLICIT_RETAIN_SELF = YES;
				CLANG_WARN_OBJC_LITERAL_CONVERSION = YES;
				CLANG_WARN_OBJC_ROOT_CLASS = YES_ERROR;
				CLANG_WARN_RANGE_LOOP_ANALYSIS = YES;
				CLANG_WARN_STRICT_PROTOTYPES = YES;
				CLANG_WARN_SUSPICIOUS_MOVE = YES;
				CLANG_WARN_UNGUARDED_AVAILABILITY = YES_AGGRESSIVE;
				CLANG_WARN_UNREACHABLE_CODE = YES;
				CLANG_WARN__DUPLICATE_METHOD_MATCH = YES;
				CODE_SIGN_IDENTITY = "iPhone Developer";
				COPY_PHASE_STRIP = NO;
				DEBUG_INFORMATION_FORMAT = dwarf;
				ENABLE_STRICT_OBJC_MSGSEND = YES;
				ENABLE_TESTABILITY = YES;
				GCC_C_LANGUAGE_STANDARD = gnu11;
				GCC_DYNAMIC_NO_PIC = NO;
				GCC_NO_COMMON_BLOCKS = YES;
				GCC_OPTIMIZATION_LEVEL = 0;
				GCC_PREPROCESSOR_DEFINITIONS = (
					"DEBUG=1",
					"$(inherited)",
				);
				GCC_WARN_64_TO_32_BIT_CONVERSION = YES;
				GCC_WARN_ABOUT_RETURN_TYPE = YES_ERROR;
				GCC_WARN_UNDECLARED_SELECTOR = YES;
				GCC_WARN_UNINITIALIZED_AUTOS = YES_AGGRESSIVE;
				GCC_WARN_UNUSED_FUNCTION = YES;
				GCC_WARN_UNUSED_VARIABLE = YES;
				IPHONEOS_DEPLOYMENT_TARGET = 11.4;
				MTL_ENABLE_DEBUG_INFO = YES;
				ONLY_ACTIVE_ARCH = YES;
				SDKROOT = iphoneos;
				SWIFT_ACTIVE_COMPILATION_CONDITIONS = DEBUG;
				SWIFT_OPTIMIZATION_LEVEL = "-Onone";
			};
			name = Debug;
		};
		3FFF664020FDBC7A00CD515C /* Release */ = {
			isa = XCBuildConfiguration;
			buildSettings = {
				ALWAYS_SEARCH_USER_PATHS = NO;
				CLANG_ANALYZER_NONNULL = YES;
				CLANG_ANALYZER_NUMBER_OBJECT_CONVERSION = YES_AGGRESSIVE;
				CLANG_CXX_LANGUAGE_STANDARD = "gnu++14";
				CLANG_CXX_LIBRARY = "libc++";
				CLANG_ENABLE_MODULES = YES;
				CLANG_ENABLE_OBJC_ARC = YES;
				CLANG_ENABLE_OBJC_WEAK = YES;
				CLANG_WARN_BLOCK_CAPTURE_AUTORELEASING = YES;
				CLANG_WARN_BOOL_CONVERSION = YES;
				CLANG_WARN_COMMA = YES;
				CLANG_WARN_CONSTANT_CONVERSION = YES;
				CLANG_WARN_DEPRECATED_OBJC_IMPLEMENTATIONS = YES;
				CLANG_WARN_DIRECT_OBJC_ISA_USAGE = YES_ERROR;
				CLANG_WARN_DOCUMENTATION_COMMENTS = YES;
				CLANG_WARN_EMPTY_BODY = YES;
				CLANG_WARN_ENUM_CONVERSION = YES;
				CLANG_WARN_INFINITE_RECURSION = YES;
				CLANG_WARN_INT_CONVERSION = YES;
				CLANG_WARN_NON_LITERAL_NULL_CONVERSION = YES;
				CLANG_WARN_OBJC_IMPLICIT_RETAIN_SELF = YES;
				CLANG_WARN_OBJC_LITERAL_CONVERSION = YES;
				CLANG_WARN_OBJC_ROOT_CLASS = YES_ERROR;
				CLANG_WARN_RANGE_LOOP_ANALYSIS = YES;
				CLANG_WARN_STRICT_PROTOTYPES = YES;
				CLANG_WARN_SUSPICIOUS_MOVE = YES;
				CLANG_WARN_UNGUARDED_AVAILABILITY = YES_AGGRESSIVE;
				CLANG_WARN_UNREACHABLE_CODE = YES;
				CLANG_WARN__DUPLICATE_METHOD_MATCH = YES;
				CODE_SIGN_IDENTITY = "iPhone Developer";
				COPY_PHASE_STRIP = NO;
				DEBUG_INFORMATION_FORMAT = "dwarf-with-dsym";
				ENABLE_NS_ASSERTIONS = NO;
				ENABLE_STRICT_OBJC_MSGSEND = YES;
				GCC_C_LANGUAGE_STANDARD = gnu11;
				GCC_NO_COMMON_BLOCKS = YES;
				GCC_WARN_64_TO_32_BIT_CONVERSION = YES;
				GCC_WARN_ABOUT_RETURN_TYPE = YES_ERROR;
				GCC_WARN_UNDECLARED_SELECTOR = YES;
				GCC_WARN_UNINITIALIZED_AUTOS = YES_AGGRESSIVE;
				GCC_WARN_UNUSED_FUNCTION = YES;
				GCC_WARN_UNUSED_VARIABLE = YES;
				IPHONEOS_DEPLOYMENT_TARGET = 11.4;
				MTL_ENABLE_DEBUG_INFO = NO;
				SDKROOT = iphoneos;
				SWIFT_COMPILATION_MODE = wholemodule;
				SWIFT_OPTIMIZATION_LEVEL = "-O";
				VALIDATE_PRODUCT = YES;
			};
			name = Release;
		};
		3FFF664220FDBC7A00CD515C /* Debug */ = {
			isa = XCBuildConfiguration;
			buildSettings = {
				ASSETCATALOG_COMPILER_APPICON_NAME = AppIcon;
				CODE_SIGN_STYLE = Automatic;
				DEVELOPMENT_TEAM = RHNZ94HBQZ;
				INFOPLIST_FILE = KeyboardLanguageChanging/Info.plist;
				LD_RUNPATH_SEARCH_PATHS = (
					"$(inherited)",
					"@executable_path/Frameworks",
				);
				PRODUCT_BUNDLE_IDENTIFIER = com.gmail.ack.ios.ack.KeyboardLanguageChanging;
				PRODUCT_NAME = "$(TARGET_NAME)";
				SWIFT_VERSION = 4.0;
				TARGETED_DEVICE_FAMILY = "1,2";
			};
			name = Debug;
		};
		3FFF664320FDBC7A00CD515C /* Release */ = {
			isa = XCBuildConfiguration;
			buildSettings = {
				ASSETCATALOG_COMPILER_APPICON_NAME = AppIcon;
				CODE_SIGN_STYLE = Automatic;
				DEVELOPMENT_TEAM = RHNZ94HBQZ;
				INFOPLIST_FILE = KeyboardLanguageChanging/Info.plist;
				LD_RUNPATH_SEARCH_PATHS = (
					"$(inherited)",
					"@executable_path/Frameworks",
				);
				PRODUCT_BUNDLE_IDENTIFIER = com.gmail.ack.ios.ack.KeyboardLanguageChanging;
				PRODUCT_NAME = "$(TARGET_NAME)";
				SWIFT_VERSION = 4.0;
				TARGETED_DEVICE_FAMILY = "1,2";
			};
			name = Release;
		};
/* End XCBuildConfiguration section */

/* Begin XCConfigurationList section */
		3FFF662A20FDBC7800CD515C /* Build configuration list for PBXProject "KeyboardLanguageChanging" */ = {
			isa = XCConfigurationList;
			buildConfigurations = (
				3FFF663F20FDBC7A00CD515C /* Debug */,
				3FFF664020FDBC7A00CD515C /* Release */,
			);
			defaultConfigurationIsVisible = 0;
			defaultConfigurationName = Release;
		};
		3FFF664120FDBC7A00CD515C /* Build configuration list for PBXNativeTarget "KeyboardLanguageChanging" */ = {
			isa = XCConfigurationList;
			buildConfigurations = (
				3FFF664220FDBC7A00CD515C /* Debug */,
				3FFF664320FDBC7A00CD515C /* Release */,
			);
			defaultConfigurationIsVisible = 0;
			defaultConfigurationName = Release;
		};
/* End XCConfigurationList section */
	};
	rootObject = 3FFF662720FDBC7800CD515C /* Project object */;
}
